// !$*UTF8*$!
{
	archiveVersion = 1;
	classes = {
	};
	objectVersion = 46;
	objects = {

/* Begin PBXBuildFile section */
		4EDB97081D656C250073D81A /* AppDelegate.swift in Sources */ = {isa = PBXBuildFile; fileRef = 4EDB97071D656C250073D81A /* AppDelegate.swift */; };
		4EDB970B1D656C250073D81A /* player_Profile.xcdatamodeld in Sources */ = {isa = PBXBuildFile; fileRef = 4EDB97091D656C250073D81A /* player_Profile.xcdatamodeld */; };
		4EDB970D1D656C250073D81A /* MasterViewController.swift in Sources */ = {isa = PBXBuildFile; fileRef = 4EDB970C1D656C250073D81A /* MasterViewController.swift */; };
		4EDB970F1D656C250073D81A /* DetailViewController.swift in Sources */ = {isa = PBXBuildFile; fileRef = 4EDB970E1D656C250073D81A /* DetailViewController.swift */; };
		4EDB97121D656C250073D81A /* Main.storyboard in Resources */ = {isa = PBXBuildFile; fileRef = 4EDB97101D656C250073D81A /* Main.storyboard */; };
		4EDB97141D656C250073D81A /* Assets.xcassets in Resources */ = {isa = PBXBuildFile; fileRef = 4EDB97131D656C250073D81A /* Assets.xcassets */; };
		4EDB97171D656C250073D81A /* LaunchScreen.storyboard in Resources */ = {isa = PBXBuildFile; fileRef = 4EDB97151D656C250073D81A /* LaunchScreen.storyboard */; };
		4EDB97221D656C250073D81A /* player_ProfileTests.swift in Sources */ = {isa = PBXBuildFile; fileRef = 4EDB97211D656C250073D81A /* player_ProfileTests.swift */; };
		4EDB972D1D656C250073D81A /* player_ProfileUITests.swift in Sources */ = {isa = PBXBuildFile; fileRef = 4EDB972C1D656C250073D81A /* player_ProfileUITests.swift */; };
/* End PBXBuildFile section */

/* Begin PBXContainerItemProxy section */
		4EDB971E1D656C250073D81A /* PBXContainerItemProxy */ = {
			isa = PBXContainerItemProxy;
			containerPortal = 4EDB96FC1D656C250073D81A /* Project object */;
			proxyType = 1;
			remoteGlobalIDString = 4EDB97031D656C250073D81A;
			remoteInfo = "player Profile";
		};
		4EDB97291D656C250073D81A /* PBXContainerItemProxy */ = {
			isa = PBXContainerItemProxy;
			containerPortal = 4EDB96FC1D656C250073D81A /* Project object */;
			proxyType = 1;
			remoteGlobalIDString = 4EDB97031D656C250073D81A;
			remoteInfo = "player Profile";
		};
/* End PBXContainerItemProxy section */

/* Begin PBXFileReference section */
		4EDB97041D656C250073D81A /* player Profile.app */ = {isa = PBXFileReference; explicitFileType = wrapper.application; includeInIndex = 0; path = "player Profile.app"; sourceTree = BUILT_PRODUCTS_DIR; };
		4EDB97071D656C250073D81A /* AppDelegate.swift */ = {isa = PBXFileReference; lastKnownFileType = sourcecode.swift; path = AppDelegate.swift; sourceTree = "<group>"; };
		4EDB970A1D656C250073D81A /* player_Profile.xcdatamodel */ = {isa = PBXFileReference; lastKnownFileType = wrapper.xcdatamodel; path = player_Profile.xcdatamodel; sourceTree = "<group>"; };
		4EDB970C1D656C250073D81A /* MasterViewController.swift */ = {isa = PBXFileReference; lastKnownFileType = sourcecode.swift; path = MasterViewController.swift; sourceTree = "<group>"; };
		4EDB970E1D656C250073D81A /* DetailViewController.swift */ = {isa = PBXFileReference; lastKnownFileType = sourcecode.swift; path = DetailViewController.swift; sourceTree = "<group>"; };
		4EDB97111D656C250073D81A /* Base */ = {isa = PBXFileReference; lastKnownFileType = file.storyboard; name = Base; path = Base.lproj/Main.storyboard; sourceTree = "<group>"; };
		4EDB97131D656C250073D81A /* Assets.xcassets */ = {isa = PBXFileReference; lastKnownFileType = folder.assetcatalog; path = Assets.xcassets; sourceTree = "<group>"; };
		4EDB97161D656C250073D81A /* Base */ = {isa = PBXFileReference; lastKnownFileType = file.storyboard; name = Base; path = Base.lproj/LaunchScreen.storyboard; sourceTree = "<group>"; };
		4EDB97181D656C250073D81A /* Info.plist */ = {isa = PBXFileReference; lastKnownFileType = text.plist.xml; path = Info.plist; sourceTree = "<group>"; };
		4EDB971D1D656C250073D81A /* player ProfileTests.xctest */ = {isa = PBXFileReference; explicitFileType = wrapper.cfbundle; includeInIndex = 0; path = "player ProfileTests.xctest"; sourceTree = BUILT_PRODUCTS_DIR; };
		4EDB97211D656C250073D81A /* player_ProfileTests.swift */ = {isa = PBXFileReference; lastKnownFileType = sourcecode.swift; path = player_ProfileTests.swift; sourceTree = "<group>"; };
		4EDB97231D656C250073D81A /* Info.plist */ = {isa = PBXFileReference; lastKnownFileType = text.plist.xml; path = Info.plist; sourceTree = "<group>"; };
		4EDB97281D656C250073D81A /* player ProfileUITests.xctest */ = {isa = PBXFileReference; explicitFileType = wrapper.cfbundle; includeInIndex = 0; path = "player ProfileUITests.xctest"; sourceTree = BUILT_PRODUCTS_DIR; };
		4EDB972C1D656C250073D81A /* player_ProfileUITests.swift */ = {isa = PBXFileReference; lastKnownFileType = sourcecode.swift; path = player_ProfileUITests.swift; sourceTree = "<group>"; };
		4EDB972E1D656C250073D81A /* Info.plist */ = {isa = PBXFileReference; lastKnownFileType = text.plist.xml; path = Info.plist; sourceTree = "<group>"; };
/* End PBXFileReference section */

/* Begin PBXFrameworksBuildPhase section */
		4EDB97011D656C250073D81A /* Frameworks */ = {
			isa = PBXFrameworksBuildPhase;
			buildActionMask = 2147483647;
			files = (
			);
			runOnlyForDeploymentPostprocessing = 0;
		};
		4EDB971A1D656C250073D81A /* Frameworks */ = {
			isa = PBXFrameworksBuildPhase;
			buildActionMask = 2147483647;
			files = (
			);
			runOnlyForDeploymentPostprocessing = 0;
		};
		4EDB97251D656C250073D81A /* Frameworks */ = {
			isa = PBXFrameworksBuildPhase;
			buildActionMask = 2147483647;
			files = (
			);
			runOnlyForDeploymentPostprocessing = 0;
		};
/* End PBXFrameworksBuildPhase section */

/* Begin PBXGroup section */
		4EDB96FB1D656C250073D81A = {
			isa = PBXGroup;
			children = (
				4EDB97061D656C250073D81A /* player Profile */,
				4EDB97201D656C250073D81A /* player ProfileTests */,
				4EDB972B1D656C250073D81A /* player ProfileUITests */,
				4EDB97051D656C250073D81A /* Products */,
			);
			sourceTree = "<group>";
		};
		4EDB97051D656C250073D81A /* Products */ = {
			isa = PBXGroup;
			children = (
				4EDB97041D656C250073D81A /* player Profile.app */,
				4EDB971D1D656C250073D81A /* player ProfileTests.xctest */,
				4EDB97281D656C250073D81A /* player ProfileUITests.xctest */,
			);
			name = Products;
			sourceTree = "<group>";
		};
		4EDB97061D656C250073D81A /* player Profile */ = {
			isa = PBXGroup;
			children = (
				4EDB97071D656C250073D81A /* AppDelegate.swift */,
				4EDB970C1D656C250073D81A /* MasterViewController.swift */,
				4EDB970E1D656C250073D81A /* DetailViewController.swift */,
				4EDB97101D656C250073D81A /* Main.storyboard */,
				4EDB97131D656C250073D81A /* Assets.xcassets */,
				4EDB97151D656C250073D81A /* LaunchScreen.storyboard */,
				4EDB97181D656C250073D81A /* Info.plist */,
				4EDB97091D656C250073D81A /* player_Profile.xcdatamodeld */,
			);
			path = "player Profile";
			sourceTree = "<group>";
		};
		4EDB97201D656C250073D81A /* player ProfileTests */ = {
			isa = PBXGroup;
			children = (
				4EDB97211D656C250073D81A /* player_ProfileTests.swift */,
				4EDB97231D656C250073D81A /* Info.plist */,
			);
			path = "player ProfileTests";
			sourceTree = "<group>";
		};
		4EDB972B1D656C250073D81A /* player ProfileUITests */ = {
			isa = PBXGroup;
			children = (
				4EDB972C1D656C250073D81A /* player_ProfileUITests.swift */,
				4EDB972E1D656C250073D81A /* Info.plist */,
			);
			path = "player ProfileUITests";
			sourceTree = "<group>";
		};
/* End PBXGroup section */

/* Begin PBXNativeTarget section */
		4EDB97031D656C250073D81A /* player Profile */ = {
			isa = PBXNativeTarget;
			buildConfigurationList = 4EDB97311D656C250073D81A /* Build configuration list for PBXNativeTarget "player Profile" */;
			buildPhases = (
				4EDB97001D656C250073D81A /* Sources */,
				4EDB97011D656C250073D81A /* Frameworks */,
				4EDB97021D656C250073D81A /* Resources */,
			);
			buildRules = (
			);
			dependencies = (
			);
			name = "player Profile";
			productName = "player Profile";
			productReference = 4EDB97041D656C250073D81A /* player Profile.app */;
			productType = "com.apple.product-type.application";
		};
		4EDB971C1D656C250073D81A /* player ProfileTests */ = {
			isa = PBXNativeTarget;
			buildConfigurationList = 4EDB97341D656C250073D81A /* Build configuration list for PBXNativeTarget "player ProfileTests" */;
			buildPhases = (
				4EDB97191D656C250073D81A /* Sources */,
				4EDB971A1D656C250073D81A /* Frameworks */,
				4EDB971B1D656C250073D81A /* Resources */,
			);
			buildRules = (
			);
			dependencies = (
				4EDB971F1D656C250073D81A /* PBXTargetDependency */,
			);
			name = "player ProfileTests";
			productName = "player ProfileTests";
			productReference = 4EDB971D1D656C250073D81A /* player ProfileTests.xctest */;
			productType = "com.apple.product-type.bundle.unit-test";
		};
		4EDB97271D656C250073D81A /* player ProfileUITests */ = {
			isa = PBXNativeTarget;
			buildConfigurationList = 4EDB97371D656C250073D81A /* Build configuration list for PBXNativeTarget "player ProfileUITests" */;
			buildPhases = (
				4EDB97241D656C250073D81A /* Sources */,
				4EDB97251D656C250073D81A /* Frameworks */,
				4EDB97261D656C250073D81A /* Resources */,
			);
			buildRules = (
			);
			dependencies = (
				4EDB972A1D656C250073D81A /* PBXTargetDependency */,
			);
			name = "player ProfileUITests";
			productName = "player ProfileUITests";
			productReference = 4EDB97281D656C250073D81A /* player ProfileUITests.xctest */;
			productType = "com.apple.product-type.bundle.ui-testing";
		};
/* End PBXNativeTarget section */

/* Begin PBXProject section */
		4EDB96FC1D656C250073D81A /* Project object */ = {
			isa = PBXProject;
			attributes = {
				LastSwiftUpdateCheck = 0730;
				LastUpgradeCheck = 0730;
				ORGANIZATIONNAME = "Sol Space Tech.";
				TargetAttributes = {
					4EDB97031D656C250073D81A = {
						CreatedOnToolsVersion = 7.3.1;
						DevelopmentTeam = THPF8KFU3X;
					};
					4EDB971C1D656C250073D81A = {
						CreatedOnToolsVersion = 7.3.1;
						DevelopmentTeam = THPF8KFU3X;
						TestTargetID = 4EDB97031D656C250073D81A;
					};
					4EDB97271D656C250073D81A = {
						CreatedOnToolsVersion = 7.3.1;
						DevelopmentTeam = THPF8KFU3X;
						TestTargetID = 4EDB97031D656C250073D81A;
					};
				};
			};
			buildConfigurationList = 4EDB96FF1D656C250073D81A /* Build configuration list for PBXProject "player Profile" */;
			compatibilityVersion = "Xcode 3.2";
			developmentRegion = English;
			hasScannedForEncodings = 0;
			knownRegions = (
				en,
				Base,
			);
			mainGroup = 4EDB96FB1D656C250073D81A;
			productRefGroup = 4EDB97051D656C250073D81A /* Products */;
			projectDirPath = "";
			projectRoot = "";
			targets = (
				4EDB97031D656C250073D81A /* player Profile */,
				4EDB971C1D656C250073D81A /* player ProfileTests */,
				4EDB97271D656C250073D81A /* player ProfileUITests */,
			);
		};
/* End PBXProject section */

/* Begin PBXResourcesBuildPhase section */
		4EDB97021D656C250073D81A /* Resources */ = {
			isa = PBXResourcesBuildPhase;
			buildActionMask = 2147483647;
			files = (
				4EDB97171D656C250073D81A /* LaunchScreen.storyboard in Resources */,
				4EDB97141D656C250073D81A /* Assets.xcassets in Resources */,
				4EDB97121D656C250073D81A /* Main.storyboard in Resources */,
			);
			runOnlyForDeploymentPostprocessing = 0;
		};
		4EDB971B1D656C250073D81A /* Resources */ = {
			isa = PBXResourcesBuildPhase;
			buildActionMask = 2147483647;
			files = (
			);
			runOnlyForDeploymentPostprocessing = 0;
		};
		4EDB97261D656C250073D81A /* Resources */ = {
			isa = PBXResourcesBuildPhase;
			buildActionMask = 2147483647;
			files = (
			);
			runOnlyForDeploymentPostprocessing = 0;
		};
/* End PBXResourcesBuildPhase section */

/* Begin PBXSourcesBuildPhase section */
		4EDB97001D656C250073D81A /* Sources */ = {
			isa = PBXSourcesBuildPhase;
			buildActionMask = 2147483647;
			files = (
				4EDB970B1D656C250073D81A /* player_Profile.xcdatamodeld in Sources */,
				4EDB97081D656C250073D81A /* AppDelegate.swift in Sources */,
				4EDB970D1D656C250073D81A /* MasterViewController.swift in Sources */,
				4EDB970F1D656C250073D81A /* DetailViewController.swift in Sources */,
			);
			runOnlyForDeploymentPostprocessing = 0;
		};
		4EDB97191D656C250073D81A /* Sources */ = {
			isa = PBXSourcesBuildPhase;
			buildActionMask = 2147483647;
			files = (
				4EDB97221D656C250073D81A /* player_ProfileTests.swift in Sources */,
			);
			runOnlyForDeploymentPostprocessing = 0;
		};
		4EDB97241D656C250073D81A /* Sources */ = {
			isa = PBXSourcesBuildPhase;
			buildActionMask = 2147483647;
			files = (
				4EDB972D1D656C250073D81A /* player_ProfileUITests.swift in Sources */,
			);
			runOnlyForDeploymentPostprocessing = 0;
		};
/* End PBXSourcesBuildPhase section */

/* Begin PBXTargetDependency section */
		4EDB971F1D656C250073D81A /* PBXTargetDependency */ = {
			isa = PBXTargetDependency;
			target = 4EDB97031D656C250073D81A /* player Profile */;
			targetProxy = 4EDB971E1D656C250073D81A /* PBXContainerItemProxy */;
		};
		4EDB972A1D656C250073D81A /* PBXTargetDependency */ = {
			isa = PBXTargetDependency;
			target = 4EDB97031D656C250073D81A /* player Profile */;
			targetProxy = 4EDB97291D656C250073D81A /* PBXContainerItemProxy */;
		};
/* End PBXTargetDependency section */

/* Begin PBXVariantGroup section */
		4EDB97101D656C250073D81A /* Main.storyboard */ = {
			isa = PBXVariantGroup;
			children = (
				4EDB97111D656C250073D81A /* Base */,
			);
			name = Main.storyboard;
			sourceTree = "<group>";
		};
		4EDB97151D656C250073D81A /* LaunchScreen.storyboard */ = {
			isa = PBXVariantGroup;
			children = (
				4EDB97161D656C250073D81A /* Base */,
			);
			name = LaunchScreen.storyboard;
			sourceTree = "<group>";
		};
/* End PBXVariantGroup section */

/* Begin XCBuildConfiguration section */
		4EDB972F1D656C250073D81A /* Debug */ = {
			isa = XCBuildConfiguration;
			buildSettings = {
				ALWAYS_SEARCH_USER_PATHS = NO;
				CLANG_ANALYZER_NONNULL = YES;
				CLANG_CXX_LANGUAGE_STANDARD = "gnu++0x";
				CLANG_CXX_LIBRARY = "libc++";
				CLANG_ENABLE_MODULES = YES;
				CLANG_ENABLE_OBJC_ARC = YES;
				CLANG_WARN_BOOL_CONVERSION = YES;
				CLANG_WARN_CONSTANT_CONVERSION = YES;
				CLANG_WARN_DIRECT_OBJC_ISA_USAGE = YES_ERROR;
				CLANG_WARN_EMPTY_BODY = YES;
				CLANG_WARN_ENUM_CONVERSION = YES;
				CLANG_WARN_INT_CONVERSION = YES;
				CLANG_WARN_OBJC_ROOT_CLASS = YES_ERROR;
				CLANG_WARN_UNREACHABLE_CODE = YES;
				CLANG_WARN__DUPLICATE_METHOD_MATCH = YES;
				"CODE_SIGN_IDENTITY[sdk=iphoneos*]" = "iPhone Developer";
				COPY_PHASE_STRIP = NO;
				DEBUG_INFORMATION_FORMAT = dwarf;
				ENABLE_STRICT_OBJC_MSGSEND = YES;
				ENABLE_TESTABILITY = YES;
				GCC_C_LANGUAGE_STANDARD = gnu99;
				GCC_DYNAMIC_NO_PIC = NO;
				GCC_NO_COMMON_BLOCKS = YES;
				GCC_OPTIMIZATION_LEVEL = 0;
				GCC_PREPROCESSOR_DEFINITIONS = (
					"DEBUG=1",
					"$(inherited)",
				);
				GCC_WARN_64_TO_32_BIT_CONVERSION = YES;
				GCC_WARN_ABOUT_RETURN_TYPE = YES_ERROR;
				GCC_WARN_UNDECLARED_SELECTOR = YES;
				GCC_WARN_UNINITIALIZED_AUTOS = YES_AGGRESSIVE;
				GCC_WARN_UNUSED_FUNCTION = YES;
				GCC_WARN_UNUSED_VARIABLE = YES;
				IPHONEOS_DEPLOYMENT_TARGET = 9.3;
				MTL_ENABLE_DEBUG_INFO = YES;
				ONLY_ACTIVE_ARCH = YES;
				SDKROOT = iphoneos;
				SWIFT_OPTIMIZATION_LEVEL = "-Onone";
			};
			name = Debug;
		};
		4EDB97301D656C250073D81A /* Release */ = {
			isa = XCBuildConfiguration;
			buildSettings = {
				ALWAYS_SEARCH_USER_PATHS = NO;
				CLANG_ANALYZER_NONNULL = YES;
				CLANG_CXX_LANGUAGE_STANDARD = "gnu++0x";
				CLANG_CXX_LIBRARY = "libc++";
				CLANG_ENABLE_MODULES = YES;
				CLANG_ENABLE_OBJC_ARC = YES;
				CLANG_WARN_BOOL_CONVERSION = YES;
				CLANG_WARN_CONSTANT_CONVERSION = YES;
				CLANG_WARN_DIRECT_OBJC_ISA_USAGE = YES_ERROR;
				CLANG_WARN_EMPTY_BODY = YES;
				CLANG_WARN_ENUM_CONVERSION = YES;
				CLANG_WARN_INT_CONVERSION = YES;
				CLANG_WARN_OBJC_ROOT_CLASS = YES_ERROR;
				CLANG_WARN_UNREACHABLE_CODE = YES;
				CLANG_WARN__DUPLICATE_METHOD_MATCH = YES;
				"CODE_SIGN_IDENTITY[sdk=iphoneos*]" = "iPhone Developer";
				COPY_PHASE_STRIP = NO;
				DEBUG_INFORMATION_FORMAT = "dwarf-with-dsym";
				ENABLE_NS_ASSERTIONS = NO;
				ENABLE_STRICT_OBJC_MSGSEND = YES;
				GCC_C_LANGUAGE_STANDARD = gnu99;
				GCC_NO_COMMON_BLOCKS = YES;
				GCC_WARN_64_TO_32_BIT_CONVERSION = YES;
				GCC_WARN_ABOUT_RETURN_TYPE = YES_ERROR;
				GCC_WARN_UNDECLARED_SELECTOR = YES;
				GCC_WARN_UNINITIALIZED_AUTOS = YES_AGGRESSIVE;
				GCC_WARN_UNUSED_FUNCTION = YES;
				GCC_WARN_UNUSED_VARIABLE = YES;
				IPHONEOS_DEPLOYMENT_TARGET = 9.3;
				MTL_ENABLE_DEBUG_INFO = NO;
				SDKROOT = iphoneos;
				VALIDATE_PRODUCT = YES;
			};
			name = Release;
		};
		4EDB97321D656C250073D81A /* Debug */ = {
			isa = XCBuildConfiguration;
			buildSettings = {
				ASSETCATALOG_COMPILER_APPICON_NAME = AppIcon;
				INFOPLIST_FILE = "player Profile/Info.plist";
				LD_RUNPATH_SEARCH_PATHS = "$(inherited) @executable_path/Frameworks";
				PRODUCT_BUNDLE_IDENTIFIER = "comSST.player-Profile";
				PRODUCT_NAME = "$(TARGET_NAME)";
			};
			name = Debug;
		};
		4EDB97331D656C250073D81A /* Release */ = {
			isa = XCBuildConfiguration;
			buildSettings = {
				ASSETCATALOG_COMPILER_APPICON_NAME = AppIcon;
				INFOPLIST_FILE = "player Profile/Info.plist";
				LD_RUNPATH_SEARCH_PATHS = "$(inherited) @executable_path/Frameworks";
				PRODUCT_BUNDLE_IDENTIFIER = "comSST.player-Profile";
				PRODUCT_NAME = "$(TARGET_NAME)";
			};
			name = Release;
		};
		4EDB97351D656C250073D81A /* Debug */ = {
			isa = XCBuildConfiguration;
			buildSettings = {
				BUNDLE_LOADER = "$(TEST_HOST)";
				INFOPLIST_FILE = "player ProfileTests/Info.plist";
				LD_RUNPATH_SEARCH_PATHS = "$(inherited) @executable_path/Frameworks @loader_path/Frameworks";
				PRODUCT_BUNDLE_IDENTIFIER = "comSST.player-ProfileTests";
				PRODUCT_NAME = "$(TARGET_NAME)";
				TEST_HOST = "$(BUILT_PRODUCTS_DIR)/player Profile.app/player Profile";
			};
			name = Debug;
		};
		4EDB97361D656C250073D81A /* Release */ = {
			isa = XCBuildConfiguration;
			buildSettings = {
				BUNDLE_LOADER = "$(TEST_HOST)";
				INFOPLIST_FILE = "player ProfileTests/Info.plist";
				LD_RUNPATH_SEARCH_PATHS = "$(inherited) @executable_path/Frameworks @loader_path/Frameworks";
				PRODUCT_BUNDLE_IDENTIFIER = "comSST.player-ProfileTests";
				PRODUCT_NAME = "$(TARGET_NAME)";
				TEST_HOST = "$(BUILT_PRODUCTS_DIR)/player Profile.app/player Profile";
			};
			name = Release;
		};
		4EDB97381D656C250073D81A /* Debug */ = {
			isa = XCBuildConfiguration;
			buildSettings = {
				INFOPLIST_FILE = "player ProfileUITests/Info.plist";
				LD_RUNPATH_SEARCH_PATHS = "$(inherited) @executable_path/Frameworks @loader_path/Frameworks";
				PRODUCT_BUNDLE_IDENTIFIER = "comSST.player-ProfileUITests";
				PRODUCT_NAME = "$(TARGET_NAME)";
				TEST_TARGET_NAME = "player Profile";
			};
			name = Debug;
		};
		4EDB97391D656C250073D81A /* Release */ = {
			isa = XCBuildConfiguration;
			buildSettings = {
				INFOPLIST_FILE = "player ProfileUITests/Info.plist";
				LD_RUNPATH_SEARCH_PATHS = "$(inherited) @executable_path/Frameworks @loader_path/Frameworks";
				PRODUCT_BUNDLE_IDENTIFIER = "comSST.player-ProfileUITests";
				PRODUCT_NAME = "$(TARGET_NAME)";
				TEST_TARGET_NAME = "player Profile";
			};
			name = Release;
		};
/* End XCBuildConfiguration section */

/* Begin XCConfigurationList section */
		4EDB96FF1D656C250073D81A /* Build configuration list for PBXProject "player Profile" */ = {
			isa = XCConfigurationList;
			buildConfigurations = (
				4EDB972F1D656C250073D81A /* Debug */,
				4EDB97301D656C250073D81A /* Release */,
			);
			defaultConfigurationIsVisible = 0;
			defaultConfigurationName = Release;
		};
		4EDB97311D656C250073D81A /* Build configuration list for PBXNativeTarget "player Profile" */ = {
			isa = XCConfigurationList;
			buildConfigurations = (
				4EDB97321D656C250073D81A /* Debug */,
				4EDB97331D656C250073D81A /* Release */,
			);
			defaultConfigurationIsVisible = 0;
		};
		4EDB97341D656C250073D81A /* Build configuration list for PBXNativeTarget "player ProfileTests" */ = {
			isa = XCConfigurationList;
			buildConfigurations = (
				4EDB97351D656C250073D81A /* Debug */,
				4EDB97361D656C250073D81A /* Release */,
			);
			defaultConfigurationIsVisible = 0;
		};
		4EDB97371D656C250073D81A /* Build configuration list for PBXNativeTarget "player ProfileUITests" */ = {
			isa = XCConfigurationList;
			buildConfigurations = (
				4EDB97381D656C250073D81A /* Debug */,
				4EDB97391D656C250073D81A /* Release */,
			);
			defaultConfigurationIsVisible = 0;
		};
/* End XCConfigurationList section */

/* Begin XCVersionGroup section */
		4EDB97091D656C250073D81A /* player_Profile.xcdatamodeld */ = {
			isa = XCVersionGroup;
			children = (
				4EDB970A1D656C250073D81A /* player_Profile.xcdatamodel */,
			);
			currentVersion = 4EDB970A1D656C250073D81A /* player_Profile.xcdatamodel */;
			path = player_Profile.xcdatamodeld;
			sourceTree = "<group>";
			versionGroupType = wrapper.xcdatamodel;
		};
/* End XCVersionGroup section */
	};
	rootObject = 4EDB96FC1D656C250073D81A /* Project object */;
}
