Microsoft Visual Studio Solution File, Format Version 11.00
# Visual Studio 2008

Project("{FF5D9CAA-FC59-00AE-76BB-EEEE7A3D82D4}") = "TheRoses", "Assembly-CSharp.csproj", "{7766E5D3-A32D-3DAB-962B-11F1CB511A6D}"
EndProject
Global
	GlobalSection(SolutionConfigurationPlatforms) = preSolution
		Debug|Any CPU = Debug|Any CPU
		Release|Any CPU = Release|Any CPU
	EndGlobalSection
	GlobalSection(ProjectConfigurationPlatforms) = postSolution
		{7766E5D3-A32D-3DAB-962B-11F1CB511A6D}.Debug|Any CPU.ActiveCfg = Debug|Any CPU
		{7766E5D3-A32D-3DAB-962B-11F1CB511A6D}.Debug|Any CPU.Build.0 = Debug|Any CPU
		{7766E5D3-A32D-3DAB-962B-11F1CB511A6D}.Release|Any CPU.ActiveCfg = Release|Any CPU
		{7766E5D3-A32D-3DAB-962B-11F1CB511A6D}.Release|Any CPU.Build.0 = Release|Any CPU
	EndGlobalSection
	GlobalSection(SolutionProperties) = preSolution
		HideSolutionNode = FALSE
	EndGlobalSection
	GlobalSection(MonoDevelopProperties) = preSolution
		StartupItem = Assembly-CSharp.csproj
	EndGlobalSection
EndGlobal
