Microsoft Visual Studio Solution File, Format Version 11.00
# Visual Studio 2008

Project("{2BBE3469-29A6-4E3C-DA11-CF21E6192933}") = "Roses", "Assembly-CSharp.csproj", "{0E554B83-327C-8C89-5DE3-7202A9AE9381}"
EndProject
Project("{2BBE3469-29A6-4E3C-DA11-CF21E6192933}") = "Roses", "Assembly-CSharp-Editor.csproj", "{9A365DC4-40B9-7495-2C9E-49BA2B348851}"
EndProject
Global
	GlobalSection(SolutionConfigurationPlatforms) = preSolution
		Debug|Any CPU = Debug|Any CPU
		Release|Any CPU = Release|Any CPU
	EndGlobalSection
	GlobalSection(ProjectConfigurationPlatforms) = postSolution
		{0E554B83-327C-8C89-5DE3-7202A9AE9381}.Debug|Any CPU.ActiveCfg = Debug|Any CPU
		{0E554B83-327C-8C89-5DE3-7202A9AE9381}.Debug|Any CPU.Build.0 = Debug|Any CPU
		{0E554B83-327C-8C89-5DE3-7202A9AE9381}.Release|Any CPU.ActiveCfg = Release|Any CPU
		{0E554B83-327C-8C89-5DE3-7202A9AE9381}.Release|Any CPU.Build.0 = Release|Any CPU
		{9A365DC4-40B9-7495-2C9E-49BA2B348851}.Debug|Any CPU.ActiveCfg = Debug|Any CPU
		{9A365DC4-40B9-7495-2C9E-49BA2B348851}.Debug|Any CPU.Build.0 = Debug|Any CPU
		{9A365DC4-40B9-7495-2C9E-49BA2B348851}.Release|Any CPU.ActiveCfg = Release|Any CPU
		{9A365DC4-40B9-7495-2C9E-49BA2B348851}.Release|Any CPU.Build.0 = Release|Any CPU
	EndGlobalSection
	GlobalSection(SolutionProperties) = preSolution
		HideSolutionNode = FALSE
	EndGlobalSection
	GlobalSection(MonoDevelopProperties) = preSolution
		StartupItem = Assembly-CSharp.csproj
	EndGlobalSection
EndGlobal
